// !$*UTF8*$!
{
	archiveVersion = 1;
	classes = {
	};
	objectVersion = 46;
	objects = {

/* Begin PBXBuildFile section */
		5C3AEE8B1A8320900051F3CC /* AppDelegate.swift in Sources */ = {isa = PBXBuildFile; fileRef = 5C3AEE8A1A8320900051F3CC /* AppDelegate.swift */; };
		5C3AEE8E1A8320900051F3CC /* MapKit.xcdatamodeld in Sources */ = {isa = PBXBuildFile; fileRef = 5C3AEE8C1A8320900051F3CC /* MapKit.xcdatamodeld */; };
		5C3AEE901A8320900051F3CC /* ViewController.swift in Sources */ = {isa = PBXBuildFile; fileRef = 5C3AEE8F1A8320900051F3CC /* ViewController.swift */; };
		5C3AEE931A8320900051F3CC /* Main.storyboard in Resources */ = {isa = PBXBuildFile; fileRef = 5C3AEE911A8320900051F3CC /* Main.storyboard */; };
		5C3AEE951A8320900051F3CC /* Images.xcassets in Resources */ = {isa = PBXBuildFile; fileRef = 5C3AEE941A8320900051F3CC /* Images.xcassets */; };
		5C3AEE981A8320900051F3CC /* LaunchScreen.xib in Resources */ = {isa = PBXBuildFile; fileRef = 5C3AEE961A8320900051F3CC /* LaunchScreen.xib */; };
		5C3AEEA41A8320900051F3CC /* MapKitTests.swift in Sources */ = {isa = PBXBuildFile; fileRef = 5C3AEEA31A8320900051F3CC /* MapKitTests.swift */; };
		5C3AEEAE1A8320A00051F3CC /* MapKit.framework in Frameworks */ = {isa = PBXBuildFile; fileRef = 5C3AEEAD1A8320A00051F3CC /* MapKit.framework */; };
		5C3AEEB21A8321C90051F3CC /* GrumpyCat.jpg in Resources */ = {isa = PBXBuildFile; fileRef = 5C3AEEB11A8321C90051F3CC /* GrumpyCat.jpg */; };
/* End PBXBuildFile section */

/* Begin PBXContainerItemProxy section */
		5C3AEE9E1A8320900051F3CC /* PBXContainerItemProxy */ = {
			isa = PBXContainerItemProxy;
			containerPortal = 5C3AEE7D1A8320900051F3CC /* Project object */;
			proxyType = 1;
			remoteGlobalIDString = 5C3AEE841A8320900051F3CC;
			remoteInfo = MapKit;
		};
/* End PBXContainerItemProxy section */

/* Begin PBXFileReference section */
		5C3AEE851A8320900051F3CC /* MapKit.app */ = {isa = PBXFileReference; explicitFileType = wrapper.application; includeInIndex = 0; path = MapKit.app; sourceTree = BUILT_PRODUCTS_DIR; };
		5C3AEE891A8320900051F3CC /* Info.plist */ = {isa = PBXFileReference; lastKnownFileType = text.plist.xml; path = Info.plist; sourceTree = "<group>"; };
		5C3AEE8A1A8320900051F3CC /* AppDelegate.swift */ = {isa = PBXFileReference; lastKnownFileType = sourcecode.swift; path = AppDelegate.swift; sourceTree = "<group>"; };
		5C3AEE8D1A8320900051F3CC /* MapKit.xcdatamodel */ = {isa = PBXFileReference; lastKnownFileType = wrapper.xcdatamodel; path = MapKit.xcdatamodel; sourceTree = "<group>"; };
		5C3AEE8F1A8320900051F3CC /* ViewController.swift */ = {isa = PBXFileReference; lastKnownFileType = sourcecode.swift; path = ViewController.swift; sourceTree = "<group>"; };
		5C3AEE921A8320900051F3CC /* Base */ = {isa = PBXFileReference; lastKnownFileType = file.storyboard; name = Base; path = Base.lproj/Main.storyboard; sourceTree = "<group>"; };
		5C3AEE941A8320900051F3CC /* Images.xcassets */ = {isa = PBXFileReference; lastKnownFileType = folder.assetcatalog; path = Images.xcassets; sourceTree = "<group>"; };
		5C3AEE971A8320900051F3CC /* Base */ = {isa = PBXFileReference; lastKnownFileType = file.xib; name = Base; path = Base.lproj/LaunchScreen.xib; sourceTree = "<group>"; };
		5C3AEE9D1A8320900051F3CC /* MapKitTests.xctest */ = {isa = PBXFileReference; explicitFileType = wrapper.cfbundle; includeInIndex = 0; path = MapKitTests.xctest; sourceTree = BUILT_PRODUCTS_DIR; };
		5C3AEEA21A8320900051F3CC /* Info.plist */ = {isa = PBXFileReference; lastKnownFileType = text.plist.xml; path = Info.plist; sourceTree = "<group>"; };
		5C3AEEA31A8320900051F3CC /* MapKitTests.swift */ = {isa = PBXFileReference; lastKnownFileType = sourcecode.swift; path = MapKitTests.swift; sourceTree = "<group>"; };
		5C3AEEAD1A8320A00051F3CC /* MapKit.framework */ = {isa = PBXFileReference; lastKnownFileType = wrapper.framework; name = MapKit.framework; path = System/Library/Frameworks/MapKit.framework; sourceTree = SDKROOT; };
		5C3AEEB11A8321C90051F3CC /* GrumpyCat.jpg */ = {isa = PBXFileReference; lastKnownFileType = image.jpeg; path = GrumpyCat.jpg; sourceTree = "<group>"; };
/* End PBXFileReference section */

/* Begin PBXFrameworksBuildPhase section */
		5C3AEE821A8320900051F3CC /* Frameworks */ = {
			isa = PBXFrameworksBuildPhase;
			buildActionMask = 2147483647;
			files = (
				5C3AEEAE1A8320A00051F3CC /* MapKit.framework in Frameworks */,
			);
			runOnlyForDeploymentPostprocessing = 0;
		};
		5C3AEE9A1A8320900051F3CC /* Frameworks */ = {
			isa = PBXFrameworksBuildPhase;
			buildActionMask = 2147483647;
			files = (
			);
			runOnlyForDeploymentPostprocessing = 0;
		};
/* End PBXFrameworksBuildPhase section */

/* Begin PBXGroup section */
		5C3AEE7C1A8320900051F3CC = {
			isa = PBXGroup;
			children = (
				5C3AEEAD1A8320A00051F3CC /* MapKit.framework */,
				5C3AEE871A8320900051F3CC /* MapKit */,
				5C3AEEA01A8320900051F3CC /* MapKitTests */,
				5C3AEE861A8320900051F3CC /* Products */,
			);
			sourceTree = "<group>";
		};
		5C3AEE861A8320900051F3CC /* Products */ = {
			isa = PBXGroup;
			children = (
				5C3AEE851A8320900051F3CC /* MapKit.app */,
				5C3AEE9D1A8320900051F3CC /* MapKitTests.xctest */,
			);
			name = Products;
			sourceTree = "<group>";
		};
		5C3AEE871A8320900051F3CC /* MapKit */ = {
			isa = PBXGroup;
			children = (
				5C3AEE8A1A8320900051F3CC /* AppDelegate.swift */,
				5C3AEE8F1A8320900051F3CC /* ViewController.swift */,
				5C3AEE911A8320900051F3CC /* Main.storyboard */,
				5C3AEE941A8320900051F3CC /* Images.xcassets */,
				5C3AEE961A8320900051F3CC /* LaunchScreen.xib */,
				5C3AEE8C1A8320900051F3CC /* MapKit.xcdatamodeld */,
				5C3AEE881A8320900051F3CC /* Supporting Files */,
			);
			path = MapKit;
			sourceTree = "<group>";
		};
		5C3AEE881A8320900051F3CC /* Supporting Files */ = {
			isa = PBXGroup;
			children = (
				5C3AEEB11A8321C90051F3CC /* GrumpyCat.jpg */,
				5C3AEE891A8320900051F3CC /* Info.plist */,
			);
			name = "Supporting Files";
			sourceTree = "<group>";
		};
		5C3AEEA01A8320900051F3CC /* MapKitTests */ = {
			isa = PBXGroup;
			children = (
				5C3AEEA31A8320900051F3CC /* MapKitTests.swift */,
				5C3AEEA11A8320900051F3CC /* Supporting Files */,
			);
			path = MapKitTests;
			sourceTree = "<group>";
		};
		5C3AEEA11A8320900051F3CC /* Supporting Files */ = {
			isa = PBXGroup;
			children = (
				5C3AEEA21A8320900051F3CC /* Info.plist */,
			);
			name = "Supporting Files";
			sourceTree = "<group>";
		};
/* End PBXGroup section */

/* Begin PBXNativeTarget section */
		5C3AEE841A8320900051F3CC /* MapKit */ = {
			isa = PBXNativeTarget;
			buildConfigurationList = 5C3AEEA71A8320900051F3CC /* Build configuration list for PBXNativeTarget "MapKit" */;
			buildPhases = (
				5C3AEE811A8320900051F3CC /* Sources */,
				5C3AEE821A8320900051F3CC /* Frameworks */,
				5C3AEE831A8320900051F3CC /* Resources */,
			);
			buildRules = (
			);
			dependencies = (
			);
			name = MapKit;
			productName = MapKit;
			productReference = 5C3AEE851A8320900051F3CC /* MapKit.app */;
			productType = "com.apple.product-type.application";
		};
		5C3AEE9C1A8320900051F3CC /* MapKitTests */ = {
			isa = PBXNativeTarget;
			buildConfigurationList = 5C3AEEAA1A8320900051F3CC /* Build configuration list for PBXNativeTarget "MapKitTests" */;
			buildPhases = (
				5C3AEE991A8320900051F3CC /* Sources */,
				5C3AEE9A1A8320900051F3CC /* Frameworks */,
				5C3AEE9B1A8320900051F3CC /* Resources */,
			);
			buildRules = (
			);
			dependencies = (
				5C3AEE9F1A8320900051F3CC /* PBXTargetDependency */,
			);
			name = MapKitTests;
			productName = MapKitTests;
			productReference = 5C3AEE9D1A8320900051F3CC /* MapKitTests.xctest */;
			productType = "com.apple.product-type.bundle.unit-test";
		};
/* End PBXNativeTarget section */

/* Begin PBXProject section */
		5C3AEE7D1A8320900051F3CC /* Project object */ = {
			isa = PBXProject;
			attributes = {
				LastUpgradeCheck = 0610;
				ORGANIZATIONNAME = "Joshua O'Connor";
				TargetAttributes = {
					5C3AEE841A8320900051F3CC = {
						CreatedOnToolsVersion = 6.1.1;
						SystemCapabilities = {
							com.apple.Maps.iOS = {
								enabled = 1;
							};
						};
					};
					5C3AEE9C1A8320900051F3CC = {
						CreatedOnToolsVersion = 6.1.1;
						TestTargetID = 5C3AEE841A8320900051F3CC;
					};
				};
			};
			buildConfigurationList = 5C3AEE801A8320900051F3CC /* Build configuration list for PBXProject "MapKit" */;
			compatibilityVersion = "Xcode 3.2";
			developmentRegion = English;
			hasScannedForEncodings = 0;
			knownRegions = (
				en,
				Base,
			);
			mainGroup = 5C3AEE7C1A8320900051F3CC;
			productRefGroup = 5C3AEE861A8320900051F3CC /* Products */;
			projectDirPath = "";
			projectRoot = "";
			targets = (
				5C3AEE841A8320900051F3CC /* MapKit */,
				5C3AEE9C1A8320900051F3CC /* MapKitTests */,
			);
		};
/* End PBXProject section */

/* Begin PBXResourcesBuildPhase section */
		5C3AEE831A8320900051F3CC /* Resources */ = {
			isa = PBXResourcesBuildPhase;
			buildActionMask = 2147483647;
			files = (
				5C3AEEB21A8321C90051F3CC /* GrumpyCat.jpg in Resources */,
				5C3AEE931A8320900051F3CC /* Main.storyboard in Resources */,
				5C3AEE981A8320900051F3CC /* LaunchScreen.xib in Resources */,
				5C3AEE951A8320900051F3CC /* Images.xcassets in Resources */,
			);
			runOnlyForDeploymentPostprocessing = 0;
		};
		5C3AEE9B1A8320900051F3CC /* Resources */ = {
			isa = PBXResourcesBuildPhase;
			buildActionMask = 2147483647;
			files = (
			);
			runOnlyForDeploymentPostprocessing = 0;
		};
/* End PBXResourcesBuildPhase section */

/* Begin PBXSourcesBuildPhase section */
		5C3AEE811A8320900051F3CC /* Sources */ = {
			isa = PBXSourcesBuildPhase;
			buildActionMask = 2147483647;
			files = (
				5C3AEE901A8320900051F3CC /* ViewController.swift in Sources */,
				5C3AEE8B1A8320900051F3CC /* AppDelegate.swift in Sources */,
				5C3AEE8E1A8320900051F3CC /* MapKit.xcdatamodeld in Sources */,
			);
			runOnlyForDeploymentPostprocessing = 0;
		};
		5C3AEE991A8320900051F3CC /* Sources */ = {
			isa = PBXSourcesBuildPhase;
			buildActionMask = 2147483647;
			files = (
				5C3AEEA41A8320900051F3CC /* MapKitTests.swift in Sources */,
			);
			runOnlyForDeploymentPostprocessing = 0;
		};
/* End PBXSourcesBuildPhase section */

/* Begin PBXTargetDependency section */
		5C3AEE9F1A8320900051F3CC /* PBXTargetDependency */ = {
			isa = PBXTargetDependency;
			target = 5C3AEE841A8320900051F3CC /* MapKit */;
			targetProxy = 5C3AEE9E1A8320900051F3CC /* PBXContainerItemProxy */;
		};
/* End PBXTargetDependency section */

/* Begin PBXVariantGroup section */
		5C3AEE911A8320900051F3CC /* Main.storyboard */ = {
			isa = PBXVariantGroup;
			children = (
				5C3AEE921A8320900051F3CC /* Base */,
			);
			name = Main.storyboard;
			sourceTree = "<group>";
		};
		5C3AEE961A8320900051F3CC /* LaunchScreen.xib */ = {
			isa = PBXVariantGroup;
			children = (
				5C3AEE971A8320900051F3CC /* Base */,
			);
			name = LaunchScreen.xib;
			sourceTree = "<group>";
		};
/* End PBXVariantGroup section */

/* Begin XCBuildConfiguration section */
		5C3AEEA51A8320900051F3CC /* Debug */ = {
			isa = XCBuildConfiguration;
			buildSettings = {
				ALWAYS_SEARCH_USER_PATHS = NO;
				CLANG_CXX_LANGUAGE_STANDARD = "gnu++0x";
				CLANG_CXX_LIBRARY = "libc++";
				CLANG_ENABLE_MODULES = YES;
				CLANG_ENABLE_OBJC_ARC = YES;
				CLANG_WARN_BOOL_CONVERSION = YES;
				CLANG_WARN_CONSTANT_CONVERSION = YES;
				CLANG_WARN_DIRECT_OBJC_ISA_USAGE = YES_ERROR;
				CLANG_WARN_EMPTY_BODY = YES;
				CLANG_WARN_ENUM_CONVERSION = YES;
				CLANG_WARN_INT_CONVERSION = YES;
				CLANG_WARN_OBJC_ROOT_CLASS = YES_ERROR;
				CLANG_WARN_UNREACHABLE_CODE = YES;
				CLANG_WARN__DUPLICATE_METHOD_MATCH = YES;
				"CODE_SIGN_IDENTITY[sdk=iphoneos*]" = "iPhone Developer";
				COPY_PHASE_STRIP = NO;
				ENABLE_STRICT_OBJC_MSGSEND = YES;
				GCC_C_LANGUAGE_STANDARD = gnu99;
				GCC_DYNAMIC_NO_PIC = NO;
				GCC_OPTIMIZATION_LEVEL = 0;
				GCC_PREPROCESSOR_DEFINITIONS = (
					"DEBUG=1",
					"$(inherited)",
				);
				GCC_SYMBOLS_PRIVATE_EXTERN = NO;
				GCC_WARN_64_TO_32_BIT_CONVERSION = YES;
				GCC_WARN_ABOUT_RETURN_TYPE = YES_ERROR;
				GCC_WARN_UNDECLARED_SELECTOR = YES;
				GCC_WARN_UNINITIALIZED_AUTOS = YES_AGGRESSIVE;
				GCC_WARN_UNUSED_FUNCTION = YES;
				GCC_WARN_UNUSED_VARIABLE = YES;
				IPHONEOS_DEPLOYMENT_TARGET = 8.1;
				MTL_ENABLE_DEBUG_INFO = YES;
				ONLY_ACTIVE_ARCH = YES;
				SDKROOT = iphoneos;
				SWIFT_OPTIMIZATION_LEVEL = "-Onone";
				TARGETED_DEVICE_FAMILY = "1,2";
			};
			name = Debug;
		};
		5C3AEEA61A8320900051F3CC /* Release */ = {
			isa = XCBuildConfiguration;
			buildSettings = {
				ALWAYS_SEARCH_USER_PATHS = NO;
				CLANG_CXX_LANGUAGE_STANDARD = "gnu++0x";
				CLANG_CXX_LIBRARY = "libc++";
				CLANG_ENABLE_MODULES = YES;
				CLANG_ENABLE_OBJC_ARC = YES;
				CLANG_WARN_BOOL_CONVERSION = YES;
				CLANG_WARN_CONSTANT_CONVERSION = YES;
				CLANG_WARN_DIRECT_OBJC_ISA_USAGE = YES_ERROR;
				CLANG_WARN_EMPTY_BODY = YES;
				CLANG_WARN_ENUM_CONVERSION = YES;
				CLANG_WARN_INT_CONVERSION = YES;
				CLANG_WARN_OBJC_ROOT_CLASS = YES_ERROR;
				CLANG_WARN_UNREACHABLE_CODE = YES;
				CLANG_WARN__DUPLICATE_METHOD_MATCH = YES;
				"CODE_SIGN_IDENTITY[sdk=iphoneos*]" = "iPhone Developer";
				COPY_PHASE_STRIP = YES;
				ENABLE_NS_ASSERTIONS = NO;
				ENABLE_STRICT_OBJC_MSGSEND = YES;
				GCC_C_LANGUAGE_STANDARD = gnu99;
				GCC_WARN_64_TO_32_BIT_CONVERSION = YES;
				GCC_WARN_ABOUT_RETURN_TYPE = YES_ERROR;
				GCC_WARN_UNDECLARED_SELECTOR = YES;
				GCC_WARN_UNINITIALIZED_AUTOS = YES_AGGRESSIVE;
				GCC_WARN_UNUSED_FUNCTION = YES;
				GCC_WARN_UNUSED_VARIABLE = YES;
				IPHONEOS_DEPLOYMENT_TARGET = 8.1;
				MTL_ENABLE_DEBUG_INFO = NO;
				SDKROOT = iphoneos;
				TARGETED_DEVICE_FAMILY = "1,2";
				VALIDATE_PRODUCT = YES;
			};
			name = Release;
		};
		5C3AEEA81A8320900051F3CC /* Debug */ = {
			isa = XCBuildConfiguration;
			buildSettings = {
				ASSETCATALOG_COMPILER_APPICON_NAME = AppIcon;
				INFOPLIST_FILE = MapKit/Info.plist;
				LD_RUNPATH_SEARCH_PATHS = "$(inherited) @executable_path/Frameworks";
				PRODUCT_NAME = "$(TARGET_NAME)";
			};
			name = Debug;
		};
		5C3AEEA91A8320900051F3CC /* Release */ = {
			isa = XCBuildConfiguration;
			buildSettings = {
				ASSETCATALOG_COMPILER_APPICON_NAME = AppIcon;
				INFOPLIST_FILE = MapKit/Info.plist;
				LD_RUNPATH_SEARCH_PATHS = "$(inherited) @executable_path/Frameworks";
				PRODUCT_NAME = "$(TARGET_NAME)";
			};
			name = Release;
		};
		5C3AEEAB1A8320900051F3CC /* Debug */ = {
			isa = XCBuildConfiguration;
			buildSettings = {
				BUNDLE_LOADER = "$(TEST_HOST)";
				FRAMEWORK_SEARCH_PATHS = (
					"$(SDKROOT)/Developer/Library/Frameworks",
					"$(inherited)",
				);
				GCC_PREPROCESSOR_DEFINITIONS = (
					"DEBUG=1",
					"$(inherited)",
				);
				INFOPLIST_FILE = MapKitTests/Info.plist;
				LD_RUNPATH_SEARCH_PATHS = "$(inherited) @executable_path/Frameworks @loader_path/Frameworks";
				PRODUCT_NAME = "$(TARGET_NAME)";
				TEST_HOST = "$(BUILT_PRODUCTS_DIR)/MapKit.app/MapKit";
			};
			name = Debug;
		};
		5C3AEEAC1A8320900051F3CC /* Release */ = {
			isa = XCBuildConfiguration;
			buildSettings = {
				BUNDLE_LOADER = "$(TEST_HOST)";
				FRAMEWORK_SEARCH_PATHS = (
					"$(SDKROOT)/Developer/Library/Frameworks",
					"$(inherited)",
				);
				INFOPLIST_FILE = MapKitTests/Info.plist;
				LD_RUNPATH_SEARCH_PATHS = "$(inherited) @executable_path/Frameworks @loader_path/Frameworks";
				PRODUCT_NAME = "$(TARGET_NAME)";
				TEST_HOST = "$(BUILT_PRODUCTS_DIR)/MapKit.app/MapKit";
			};
			name = Release;
		};
/* End XCBuildConfiguration section */

/* Begin XCConfigurationList section */
		5C3AEE801A8320900051F3CC /* Build configuration list for PBXProject "MapKit" */ = {
			isa = XCConfigurationList;
			buildConfigurations = (
				5C3AEEA51A8320900051F3CC /* Debug */,
				5C3AEEA61A8320900051F3CC /* Release */,
			);
			defaultConfigurationIsVisible = 0;
			defaultConfigurationName = Release;
		};
		5C3AEEA71A8320900051F3CC /* Build configuration list for PBXNativeTarget "MapKit" */ = {
			isa = XCConfigurationList;
			buildConfigurations = (
				5C3AEEA81A8320900051F3CC /* Debug */,
				5C3AEEA91A8320900051F3CC /* Release */,
			);
			defaultConfigurationIsVisible = 0;
		};
		5C3AEEAA1A8320900051F3CC /* Build configuration list for PBXNativeTarget "MapKitTests" */ = {
			isa = XCConfigurationList;
			buildConfigurations = (
				5C3AEEAB1A8320900051F3CC /* Debug */,
				5C3AEEAC1A8320900051F3CC /* Release */,
			);
			defaultConfigurationIsVisible = 0;
		};
/* End XCConfigurationList section */

/* Begin XCVersionGroup section */
		5C3AEE8C1A8320900051F3CC /* MapKit.xcdatamodeld */ = {
			isa = XCVersionGroup;
			children = (
				5C3AEE8D1A8320900051F3CC /* MapKit.xcdatamodel */,
			);
			currentVersion = 5C3AEE8D1A8320900051F3CC /* MapKit.xcdatamodel */;
			path = MapKit.xcdatamodeld;
			sourceTree = "<group>";
			versionGroupType = wrapper.xcdatamodel;
		};
/* End XCVersionGroup section */
	};
	rootObject = 5C3AEE7D1A8320900051F3CC /* Project object */;
}
